// !$*UTF8*$!
{
	archiveVersion = 1;
	classes = {
	};
	objectVersion = 50;
	objects = {

/* Begin PBXBuildFile section */
		950523F42254C3FD00BC8CF9 /* ZHitTestViewController.m in Sources */ = {isa = PBXBuildFile; fileRef = 950523F32254C3FD00BC8CF9 /* ZHitTestViewController.m */; };
		950523FA2254C47100BC8CF9 /* ZUIView.m in Sources */ = {isa = PBXBuildFile; fileRef = 950523F92254C47100BC8CF9 /* ZUIView.m */; };
		9505A9A4210C6BA600D8CBF1 /* ZAnimationTestViewController.m in Sources */ = {isa = PBXBuildFile; fileRef = 9505A9A3210C6BA600D8CBF1 /* ZAnimationTestViewController.m */; };
		95219B60212D4C76009F6D7E /* ZShapeLayerViewController.m in Sources */ = {isa = PBXBuildFile; fileRef = 95219B5F212D4C76009F6D7E /* ZShapeLayerViewController.m */; };
		95219B6D212FF1A1009F6D7E /* MVButton.m in Sources */ = {isa = PBXBuildFile; fileRef = 95219B6C212FF1A1009F6D7E /* MVButton.m */; };
		9527E1A82255A25200DC31CC /* ZUIButton.m in Sources */ = {isa = PBXBuildFile; fileRef = 9527E1A72255A25200DC31CC /* ZUIButton.m */; };
		9527E1AF2255FC4C00DC31CC /* UIColor+Easy.m in Sources */ = {isa = PBXBuildFile; fileRef = 9527E1AE2255FC4C00DC31CC /* UIColor+Easy.m */; };
		95613CA721145CD600D9F0F4 /* ZViewController.m in Sources */ = {isa = PBXBuildFile; fileRef = 95613CA621145CD600D9F0F4 /* ZViewController.m */; };
		95613CAA21145D9700D9F0F4 /* ZBasicTestViewController.m in Sources */ = {isa = PBXBuildFile; fileRef = 95613CA921145D9700D9F0F4 /* ZBasicTestViewController.m */; };
		95AB9D6A21057E7A007E9FA2 /* AppDelegate.m in Sources */ = {isa = PBXBuildFile; fileRef = 95AB9D6921057E7A007E9FA2 /* AppDelegate.m */; };
		95AB9D6D21057E7A007E9FA2 /* ViewController.m in Sources */ = {isa = PBXBuildFile; fileRef = 95AB9D6C21057E7A007E9FA2 /* ViewController.m */; };
		95AB9D7021057E7A007E9FA2 /* Main.storyboard in Resources */ = {isa = PBXBuildFile; fileRef = 95AB9D6E21057E7A007E9FA2 /* Main.storyboard */; };
		95AB9D7221057E7A007E9FA2 /* Assets.xcassets in Resources */ = {isa = PBXBuildFile; fileRef = 95AB9D7121057E7A007E9FA2 /* Assets.xcassets */; };
		95AB9D7521057E7A007E9FA2 /* LaunchScreen.storyboard in Resources */ = {isa = PBXBuildFile; fileRef = 95AB9D7321057E7A007E9FA2 /* LaunchScreen.storyboard */; };
		95AB9D7821057E7B007E9FA2 /* main.m in Sources */ = {isa = PBXBuildFile; fileRef = 95AB9D7721057E7B007E9FA2 /* main.m */; };
		95AB9D812105A48C007E9FA2 /* ZTestItem.m in Sources */ = {isa = PBXBuildFile; fileRef = 95AB9D802105A48C007E9FA2 /* ZTestItem.m */; };
		95AB9D832105A5A6007E9FA2 /* data.plist in Resources */ = {isa = PBXBuildFile; fileRef = 95AB9D822105A5A6007E9FA2 /* data.plist */; };
		95AB9D872105B88F007E9FA2 /* ZShareViewController.m in Sources */ = {isa = PBXBuildFile; fileRef = 95AB9D862105B88F007E9FA2 /* ZShareViewController.m */; };
		967418664BDA4162C5A84263 /* libPods-ZWFactory.a in Frameworks */ = {isa = PBXBuildFile; fileRef = 7725EE33B5F0C13226F4E252 /* libPods-ZWFactory.a */; };
		C9217F07210CCBBC008059E6 /* ZAttrStringViewController.m in Sources */ = {isa = PBXBuildFile; fileRef = C9217F06210CCBBC008059E6 /* ZAttrStringViewController.m */; };
		C9A0F11B2256588C00656C08 /* ZFileManager.m in Sources */ = {isa = PBXBuildFile; fileRef = C9A0F11A2256588C00656C08 /* ZFileManager.m */; };
		C9A0F11E225658CA00656C08 /* ZGLViewController.m in Sources */ = {isa = PBXBuildFile; fileRef = C9A0F11D225658C900656C08 /* ZGLViewController.m */; };
		C9A0F1212256623F00656C08 /* AuthenManager.m in Sources */ = {isa = PBXBuildFile; fileRef = C9A0F1202256623F00656C08 /* AuthenManager.m */; };
/* End PBXBuildFile section */

/* Begin PBXFileReference section */
		387E3FD21157BB500A205243 /* Pods-ZWFactory.debug.xcconfig */ = {isa = PBXFileReference; includeInIndex = 1; lastKnownFileType = text.xcconfig; name = "Pods-ZWFactory.debug.xcconfig"; path = "Pods/Target Support Files/Pods-ZWFactory/Pods-ZWFactory.debug.xcconfig"; sourceTree = "<group>"; };
		7725EE33B5F0C13226F4E252 /* libPods-ZWFactory.a */ = {isa = PBXFileReference; explicitFileType = archive.ar; includeInIndex = 0; path = "libPods-ZWFactory.a"; sourceTree = BUILT_PRODUCTS_DIR; };
		7CC875069CD53259E4DDA3BA /* Pods-ZWFactory.release.xcconfig */ = {isa = PBXFileReference; includeInIndex = 1; lastKnownFileType = text.xcconfig; name = "Pods-ZWFactory.release.xcconfig"; path = "Pods/Target Support Files/Pods-ZWFactory/Pods-ZWFactory.release.xcconfig"; sourceTree = "<group>"; };
		950523F22254C3FD00BC8CF9 /* ZHitTestViewController.h */ = {isa = PBXFileReference; lastKnownFileType = sourcecode.c.h; path = ZHitTestViewController.h; sourceTree = "<group>"; };
		950523F32254C3FD00BC8CF9 /* ZHitTestViewController.m */ = {isa = PBXFileReference; lastKnownFileType = sourcecode.c.objc; path = ZHitTestViewController.m; sourceTree = "<group>"; };
		950523F82254C47100BC8CF9 /* ZUIView.h */ = {isa = PBXFileReference; lastKnownFileType = sourcecode.c.h; path = ZUIView.h; sourceTree = "<group>"; };
		950523F92254C47100BC8CF9 /* ZUIView.m */ = {isa = PBXFileReference; lastKnownFileType = sourcecode.c.objc; path = ZUIView.m; sourceTree = "<group>"; };
		9505A9A2210C6BA600D8CBF1 /* ZAnimationTestViewController.h */ = {isa = PBXFileReference; lastKnownFileType = sourcecode.c.h; path = ZAnimationTestViewController.h; sourceTree = "<group>"; };
		9505A9A3210C6BA600D8CBF1 /* ZAnimationTestViewController.m */ = {isa = PBXFileReference; lastKnownFileType = sourcecode.c.objc; path = ZAnimationTestViewController.m; sourceTree = "<group>"; };
		9505A9A5210C700000D8CBF1 /* PrefixHeader.pch */ = {isa = PBXFileReference; lastKnownFileType = sourcecode.c.h; path = PrefixHeader.pch; sourceTree = "<group>"; };
		95219B5E212D4C76009F6D7E /* ZShapeLayerViewController.h */ = {isa = PBXFileReference; lastKnownFileType = sourcecode.c.h; path = ZShapeLayerViewController.h; sourceTree = "<group>"; };
		95219B5F212D4C76009F6D7E /* ZShapeLayerViewController.m */ = {isa = PBXFileReference; lastKnownFileType = sourcecode.c.objc; path = ZShapeLayerViewController.m; sourceTree = "<group>"; };
		95219B6B212FF1A1009F6D7E /* MVButton.h */ = {isa = PBXFileReference; fileEncoding = 4; lastKnownFileType = sourcecode.c.h; path = MVButton.h; sourceTree = "<group>"; };
		95219B6C212FF1A1009F6D7E /* MVButton.m */ = {isa = PBXFileReference; fileEncoding = 4; lastKnownFileType = sourcecode.c.objc; path = MVButton.m; sourceTree = "<group>"; };
		9527E1A62255A25200DC31CC /* ZUIButton.h */ = {isa = PBXFileReference; lastKnownFileType = sourcecode.c.h; path = ZUIButton.h; sourceTree = "<group>"; };
		9527E1A72255A25200DC31CC /* ZUIButton.m */ = {isa = PBXFileReference; lastKnownFileType = sourcecode.c.objc; path = ZUIButton.m; sourceTree = "<group>"; };
		9527E1A92255ADF000DC31CC /* GlobalDefine.h */ = {isa = PBXFileReference; lastKnownFileType = sourcecode.c.h; path = GlobalDefine.h; sourceTree = "<group>"; };
		9527E1AD2255FC4C00DC31CC /* UIColor+Easy.h */ = {isa = PBXFileReference; lastKnownFileType = sourcecode.c.h; path = "UIColor+Easy.h"; sourceTree = "<group>"; };
		9527E1AE2255FC4C00DC31CC /* UIColor+Easy.m */ = {isa = PBXFileReference; lastKnownFileType = sourcecode.c.objc; path = "UIColor+Easy.m"; sourceTree = "<group>"; };
		95613CA521145CD600D9F0F4 /* ZViewController.h */ = {isa = PBXFileReference; lastKnownFileType = sourcecode.c.h; path = ZViewController.h; sourceTree = "<group>"; };
		95613CA621145CD600D9F0F4 /* ZViewController.m */ = {isa = PBXFileReference; lastKnownFileType = sourcecode.c.objc; path = ZViewController.m; sourceTree = "<group>"; };
		95613CA821145D9700D9F0F4 /* ZBasicTestViewController.h */ = {isa = PBXFileReference; lastKnownFileType = sourcecode.c.h; path = ZBasicTestViewController.h; sourceTree = "<group>"; };
		95613CA921145D9700D9F0F4 /* ZBasicTestViewController.m */ = {isa = PBXFileReference; lastKnownFileType = sourcecode.c.objc; path = ZBasicTestViewController.m; sourceTree = "<group>"; };
		95AB9D6521057E7A007E9FA2 /* ZWFactory.app */ = {isa = PBXFileReference; explicitFileType = wrapper.application; includeInIndex = 0; path = ZWFactory.app; sourceTree = BUILT_PRODUCTS_DIR; };
		95AB9D6821057E7A007E9FA2 /* AppDelegate.h */ = {isa = PBXFileReference; lastKnownFileType = sourcecode.c.h; path = AppDelegate.h; sourceTree = "<group>"; };
		95AB9D6921057E7A007E9FA2 /* AppDelegate.m */ = {isa = PBXFileReference; lastKnownFileType = sourcecode.c.objc; path = AppDelegate.m; sourceTree = "<group>"; };
		95AB9D6B21057E7A007E9FA2 /* ViewController.h */ = {isa = PBXFileReference; lastKnownFileType = sourcecode.c.h; path = ViewController.h; sourceTree = "<group>"; };
		95AB9D6C21057E7A007E9FA2 /* ViewController.m */ = {isa = PBXFileReference; lastKnownFileType = sourcecode.c.objc; path = ViewController.m; sourceTree = "<group>"; };
		95AB9D6F21057E7A007E9FA2 /* Base */ = {isa = PBXFileReference; lastKnownFileType = file.storyboard; name = Base; path = Base.lproj/Main.storyboard; sourceTree = "<group>"; };
		95AB9D7121057E7A007E9FA2 /* Assets.xcassets */ = {isa = PBXFileReference; lastKnownFileType = folder.assetcatalog; path = Assets.xcassets; sourceTree = "<group>"; };
		95AB9D7421057E7A007E9FA2 /* Base */ = {isa = PBXFileReference; lastKnownFileType = file.storyboard; name = Base; path = Base.lproj/LaunchScreen.storyboard; sourceTree = "<group>"; };
		95AB9D7621057E7B007E9FA2 /* Info.plist */ = {isa = PBXFileReference; lastKnownFileType = text.plist.xml; path = Info.plist; sourceTree = "<group>"; };
		95AB9D7721057E7B007E9FA2 /* main.m */ = {isa = PBXFileReference; lastKnownFileType = sourcecode.c.objc; path = main.m; sourceTree = "<group>"; };
		95AB9D7F2105A48C007E9FA2 /* ZTestItem.h */ = {isa = PBXFileReference; lastKnownFileType = sourcecode.c.h; path = ZTestItem.h; sourceTree = "<group>"; };
		95AB9D802105A48C007E9FA2 /* ZTestItem.m */ = {isa = PBXFileReference; lastKnownFileType = sourcecode.c.objc; path = ZTestItem.m; sourceTree = "<group>"; };
		95AB9D822105A5A6007E9FA2 /* data.plist */ = {isa = PBXFileReference; lastKnownFileType = text.plist.xml; path = data.plist; sourceTree = "<group>"; };
		95AB9D852105B88F007E9FA2 /* ZShareViewController.h */ = {isa = PBXFileReference; lastKnownFileType = sourcecode.c.h; path = ZShareViewController.h; sourceTree = "<group>"; };
		95AB9D862105B88F007E9FA2 /* ZShareViewController.m */ = {isa = PBXFileReference; lastKnownFileType = sourcecode.c.objc; path = ZShareViewController.m; sourceTree = "<group>"; };
		C9217F05210CCBBC008059E6 /* ZAttrStringViewController.h */ = {isa = PBXFileReference; lastKnownFileType = sourcecode.c.h; path = ZAttrStringViewController.h; sourceTree = "<group>"; };
		C9217F06210CCBBC008059E6 /* ZAttrStringViewController.m */ = {isa = PBXFileReference; lastKnownFileType = sourcecode.c.objc; path = ZAttrStringViewController.m; sourceTree = "<group>"; };
		C9A0F1192256588C00656C08 /* ZFileManager.h */ = {isa = PBXFileReference; fileEncoding = 4; lastKnownFileType = sourcecode.c.h; path = ZFileManager.h; sourceTree = "<group>"; };
		C9A0F11A2256588C00656C08 /* ZFileManager.m */ = {isa = PBXFileReference; fileEncoding = 4; lastKnownFileType = sourcecode.c.objc; path = ZFileManager.m; sourceTree = "<group>"; };
		C9A0F11C225658C900656C08 /* ZGLViewController.h */ = {isa = PBXFileReference; fileEncoding = 4; lastKnownFileType = sourcecode.c.h; path = ZGLViewController.h; sourceTree = "<group>"; };
		C9A0F11D225658C900656C08 /* ZGLViewController.m */ = {isa = PBXFileReference; fileEncoding = 4; lastKnownFileType = sourcecode.c.objc; path = ZGLViewController.m; sourceTree = "<group>"; };
		C9A0F11F2256623F00656C08 /* AuthenManager.h */ = {isa = PBXFileReference; lastKnownFileType = sourcecode.c.h; path = AuthenManager.h; sourceTree = "<group>"; };
		C9A0F1202256623F00656C08 /* AuthenManager.m */ = {isa = PBXFileReference; lastKnownFileType = sourcecode.c.objc; path = AuthenManager.m; sourceTree = "<group>"; };
/* End PBXFileReference section */

/* Begin PBXFrameworksBuildPhase section */
		95AB9D6221057E7A007E9FA2 /* Frameworks */ = {
			isa = PBXFrameworksBuildPhase;
			buildActionMask = 2147483647;
			files = (
				967418664BDA4162C5A84263 /* libPods-ZWFactory.a in Frameworks */,
			);
			runOnlyForDeploymentPostprocessing = 0;
		};
/* End PBXFrameworksBuildPhase section */

/* Begin PBXGroup section */
		88FE5ED338BB04C4B2FFE7EA /* Pods */ = {
			isa = PBXGroup;
			children = (
				387E3FD21157BB500A205243 /* Pods-ZWFactory.debug.xcconfig */,
				7CC875069CD53259E4DDA3BA /* Pods-ZWFactory.release.xcconfig */,
			);
			name = Pods;
			sourceTree = "<group>";
		};
		95219B6A212FF187009F6D7E /* CustomUI */ = {
			isa = PBXGroup;
			children = (
				95219B6B212FF1A1009F6D7E /* MVButton.h */,
				95219B6C212FF1A1009F6D7E /* MVButton.m */,
			);
			path = CustomUI;
			sourceTree = "<group>";
		};
		95613CA421145C8200D9F0F4 /* ZUtil */ = {
			isa = PBXGroup;
			children = (
				C9A0F1192256588C00656C08 /* ZFileManager.h */,
				C9A0F11A2256588C00656C08 /* ZFileManager.m */,
				95613CA521145CD600D9F0F4 /* ZViewController.h */,
				95613CA621145CD600D9F0F4 /* ZViewController.m */,
				9527E1A92255ADF000DC31CC /* GlobalDefine.h */,
				C9A0F11F2256623F00656C08 /* AuthenManager.h */,
				C9A0F1202256623F00656C08 /* AuthenManager.m */,
				9527E1AD2255FC4C00DC31CC /* UIColor+Easy.h */,
				9527E1AE2255FC4C00DC31CC /* UIColor+Easy.m */,
			);
			path = ZUtil;
			sourceTree = "<group>";
		};
		95AB9D5C21057E7A007E9FA2 = {
			isa = PBXGroup;
			children = (
				95AB9D6721057E7A007E9FA2 /* ZWFactory */,
				95AB9D6621057E7A007E9FA2 /* Products */,
				88FE5ED338BB04C4B2FFE7EA /* Pods */,
				BF85E1C1596637593D1BA877 /* Frameworks */,
				C9A0F1182256585700656C08 /* Recovered References */,
			);
			sourceTree = "<group>";
		};
		95AB9D6621057E7A007E9FA2 /* Products */ = {
			isa = PBXGroup;
			children = (
				95AB9D6521057E7A007E9FA2 /* ZWFactory.app */,
			);
			name = Products;
			sourceTree = "<group>";
		};
		95AB9D6721057E7A007E9FA2 /* ZWFactory */ = {
			isa = PBXGroup;
			children = (
				95219B6A212FF187009F6D7E /* CustomUI */,
				95613CA421145C8200D9F0F4 /* ZUtil */,
				95AB9D842105A9EC007E9FA2 /* viewController */,
				95AB9D7E2105A461007E9FA2 /* model */,
				95AB9D6821057E7A007E9FA2 /* AppDelegate.h */,
				95AB9D6921057E7A007E9FA2 /* AppDelegate.m */,
				95AB9D6B21057E7A007E9FA2 /* ViewController.h */,
				95AB9D6C21057E7A007E9FA2 /* ViewController.m */,
				95AB9D6E21057E7A007E9FA2 /* Main.storyboard */,
				95AB9D7121057E7A007E9FA2 /* Assets.xcassets */,
				95AB9D7321057E7A007E9FA2 /* LaunchScreen.storyboard */,
				95AB9D7621057E7B007E9FA2 /* Info.plist */,
				95AB9D822105A5A6007E9FA2 /* data.plist */,
				95AB9D7721057E7B007E9FA2 /* main.m */,
				9505A9A5210C700000D8CBF1 /* PrefixHeader.pch */,
			);
			path = ZWFactory;
			sourceTree = "<group>";
		};
		95AB9D7E2105A461007E9FA2 /* model */ = {
			isa = PBXGroup;
			children = (
				95AB9D7F2105A48C007E9FA2 /* ZTestItem.h */,
				95AB9D802105A48C007E9FA2 /* ZTestItem.m */,
			);
			path = model;
			sourceTree = "<group>";
		};
		95AB9D842105A9EC007E9FA2 /* viewController */ = {
			isa = PBXGroup;
			children = (
				C9A0F11C225658C900656C08 /* ZGLViewController.h */,
				C9A0F11D225658C900656C08 /* ZGLViewController.m */,
				95AB9D852105B88F007E9FA2 /* ZShareViewController.h */,
				95AB9D862105B88F007E9FA2 /* ZShareViewController.m */,
				9505A9A2210C6BA600D8CBF1 /* ZAnimationTestViewController.h */,
				950523F82254C47100BC8CF9 /* ZUIView.h */,
				950523F92254C47100BC8CF9 /* ZUIView.m */,
				9505A9A3210C6BA600D8CBF1 /* ZAnimationTestViewController.m */,
				C9217F05210CCBBC008059E6 /* ZAttrStringViewController.h */,
				C9217F06210CCBBC008059E6 /* ZAttrStringViewController.m */,
				95613CA821145D9700D9F0F4 /* ZBasicTestViewController.h */,
				95613CA921145D9700D9F0F4 /* ZBasicTestViewController.m */,
				95219B5E212D4C76009F6D7E /* ZShapeLayerViewController.h */,
				95219B5F212D4C76009F6D7E /* ZShapeLayerViewController.m */,
				950523F22254C3FD00BC8CF9 /* ZHitTestViewController.h */,
				950523F32254C3FD00BC8CF9 /* ZHitTestViewController.m */,
				9527E1A62255A25200DC31CC /* ZUIButton.h */,
				9527E1A72255A25200DC31CC /* ZUIButton.m */,
			);
			path = viewController;
			sourceTree = "<group>";
		};
		BF85E1C1596637593D1BA877 /* Frameworks */ = {
			isa = PBXGroup;
			children = (
				7725EE33B5F0C13226F4E252 /* libPods-ZWFactory.a */,
			);
			name = Frameworks;
			sourceTree = "<group>";
		};
		C9A0F1182256585700656C08 /* Recovered References */ = {
			isa = PBXGroup;
			children = (
			);
			name = "Recovered References";
			sourceTree = "<group>";
		};
/* End PBXGroup section */

/* Begin PBXNativeTarget section */
		95AB9D6421057E7A007E9FA2 /* ZWFactory */ = {
			isa = PBXNativeTarget;
			buildConfigurationList = 95AB9D7B21057E7B007E9FA2 /* Build configuration list for PBXNativeTarget "ZWFactory" */;
			buildPhases = (
				4A117218F9F456187FB1ED13 /* [CP] Check Pods Manifest.lock */,
				95AB9D6121057E7A007E9FA2 /* Sources */,
				95AB9D6221057E7A007E9FA2 /* Frameworks */,
				95AB9D6321057E7A007E9FA2 /* Resources */,
				CE898E114D59AA3549CD756B /* [CP] Copy Pods Resources */,
			);
			buildRules = (
			);
			dependencies = (
			);
			name = ZWFactory;
			productName = ZWFactory;
			productReference = 95AB9D6521057E7A007E9FA2 /* ZWFactory.app */;
			productType = "com.apple.product-type.application";
		};
/* End PBXNativeTarget section */

/* Begin PBXProject section */
		95AB9D5D21057E7A007E9FA2 /* Project object */ = {
			isa = PBXProject;
			attributes = {
				LastUpgradeCheck = 0940;
				ORGANIZATIONNAME = zhaowei;
				TargetAttributes = {
					95AB9D6421057E7A007E9FA2 = {
						CreatedOnToolsVersion = 9.4;
						LastSwiftMigration = 0940;
					};
				};
			};
			buildConfigurationList = 95AB9D6021057E7A007E9FA2 /* Build configuration list for PBXProject "ZWFactory" */;
			compatibilityVersion = "Xcode 9.3";
			developmentRegion = en;
			hasScannedForEncodings = 0;
			knownRegions = (
				en,
				Base,
			);
			mainGroup = 95AB9D5C21057E7A007E9FA2;
			productRefGroup = 95AB9D6621057E7A007E9FA2 /* Products */;
			projectDirPath = "";
			projectRoot = "";
			targets = (
				95AB9D6421057E7A007E9FA2 /* ZWFactory */,
			);
		};
/* End PBXProject section */

/* Begin PBXResourcesBuildPhase section */
		95AB9D6321057E7A007E9FA2 /* Resources */ = {
			isa = PBXResourcesBuildPhase;
			buildActionMask = 2147483647;
			files = (
				95AB9D7521057E7A007E9FA2 /* LaunchScreen.storyboard in Resources */,
				95AB9D7221057E7A007E9FA2 /* Assets.xcassets in Resources */,
				95AB9D832105A5A6007E9FA2 /* data.plist in Resources */,
				95AB9D7021057E7A007E9FA2 /* Main.storyboard in Resources */,
			);
			runOnlyForDeploymentPostprocessing = 0;
		};
/* End PBXResourcesBuildPhase section */

/* Begin PBXShellScriptBuildPhase section */
		4A117218F9F456187FB1ED13 /* [CP] Check Pods Manifest.lock */ = {
			isa = PBXShellScriptBuildPhase;
			buildActionMask = 2147483647;
			files = (
			);
			inputPaths = (
				"${PODS_PODFILE_DIR_PATH}/Podfile.lock",
				"${PODS_ROOT}/Manifest.lock",
			);
			name = "[CP] Check Pods Manifest.lock";
			outputPaths = (
				"$(DERIVED_FILE_DIR)/Pods-ZWFactory-checkManifestLockResult.txt",
			);
			runOnlyForDeploymentPostprocessing = 0;
			shellPath = /bin/sh;
			shellScript = "diff \"${PODS_PODFILE_DIR_PATH}/Podfile.lock\" \"${PODS_ROOT}/Manifest.lock\" > /dev/null\nif [ $? != 0 ] ; then\n    # print error to STDERR\n    echo \"error: The sandbox is not in sync with the Podfile.lock. Run 'pod install' or update your CocoaPods installation.\" >&2\n    exit 1\nfi\n# This output is used by Xcode 'outputs' to avoid re-running this script phase.\necho \"SUCCESS\" > \"${SCRIPT_OUTPUT_FILE_0}\"\n";
			showEnvVarsInLog = 0;
		};
		CE898E114D59AA3549CD756B /* [CP] Copy Pods Resources */ = {
			isa = PBXShellScriptBuildPhase;
			buildActionMask = 2147483647;
			files = (
			);
			inputPaths = (
				"${SRCROOT}/Pods/Target Support Files/Pods-ZWFactory/Pods-ZWFactory-resources.sh",
				"${PODS_ROOT}/Weibo_SDK/libWeiboSDK/WeiboSDK.bundle",
			);
			name = "[CP] Copy Pods Resources";
			outputPaths = (
				"${TARGET_BUILD_DIR}/${UNLOCALIZED_RESOURCES_FOLDER_PATH}/WeiboSDK.bundle",
			);
			runOnlyForDeploymentPostprocessing = 0;
			shellPath = /bin/sh;
			shellScript = "\"${SRCROOT}/Pods/Target Support Files/Pods-ZWFactory/Pods-ZWFactory-resources.sh\"\n";
			showEnvVarsInLog = 0;
		};
/* End PBXShellScriptBuildPhase section */

/* Begin PBXSourcesBuildPhase section */
		95AB9D6121057E7A007E9FA2 /* Sources */ = {
			isa = PBXSourcesBuildPhase;
			buildActionMask = 2147483647;
			files = (
				95AB9D6D21057E7A007E9FA2 /* ViewController.m in Sources */,
				95219B6D212FF1A1009F6D7E /* MVButton.m in Sources */,
				C9A0F11B2256588C00656C08 /* ZFileManager.m in Sources */,
				9527E1A82255A25200DC31CC /* ZUIButton.m in Sources */,
				95AB9D7821057E7B007E9FA2 /* main.m in Sources */,
				9527E1AF2255FC4C00DC31CC /* UIColor+Easy.m in Sources */,
				95AB9D6A21057E7A007E9FA2 /* AppDelegate.m in Sources */,
				95AB9D812105A48C007E9FA2 /* ZTestItem.m in Sources */,
				950523F42254C3FD00BC8CF9 /* ZHitTestViewController.m in Sources */,
				9505A9A4210C6BA600D8CBF1 /* ZAnimationTestViewController.m in Sources */,
				C9A0F1212256623F00656C08 /* AuthenManager.m in Sources */,
				95219B60212D4C76009F6D7E /* ZShapeLayerViewController.m in Sources */,
				95AB9D872105B88F007E9FA2 /* ZShareViewController.m in Sources */,
				950523FA2254C47100BC8CF9 /* ZUIView.m in Sources */,
				95613CA721145CD600D9F0F4 /* ZViewController.m in Sources */,
				C9A0F11E225658CA00656C08 /* ZGLViewController.m in Sources */,
				95613CAA21145D9700D9F0F4 /* ZBasicTestViewController.m in Sources */,
				C9217F07210CCBBC008059E6 /* ZAttrStringViewController.m in Sources */,
			);
			runOnlyForDeploymentPostprocessing = 0;
		};
/* End PBXSourcesBuildPhase section */

/* Begin PBXVariantGroup section */
		95AB9D6E21057E7A007E9FA2 /* Main.storyboard */ = {
			isa = PBXVariantGroup;
			children = (
				95AB9D6F21057E7A007E9FA2 /* Base */,
			);
			name = Main.storyboard;
			sourceTree = "<group>";
		};
		95AB9D7321057E7A007E9FA2 /* LaunchScreen.storyboard */ = {
			isa = PBXVariantGroup;
			children = (
				95AB9D7421057E7A007E9FA2 /* Base */,
			);
			name = LaunchScreen.storyboard;
			sourceTree = "<group>";
		};
/* End PBXVariantGroup section */

/* Begin XCBuildConfiguration section */
		95AB9D7921057E7B007E9FA2 /* Debug */ = {
			isa = XCBuildConfiguration;
			buildSettings = {
				ALWAYS_SEARCH_USER_PATHS = NO;
				CLANG_ANALYZER_NONNULL = YES;
				CLANG_ANALYZER_NUMBER_OBJECT_CONVERSION = YES_AGGRESSIVE;
				CLANG_CXX_LANGUAGE_STANDARD = "gnu++14";
				CLANG_CXX_LIBRARY = "libc++";
				CLANG_ENABLE_MODULES = YES;
				CLANG_ENABLE_OBJC_ARC = YES;
				CLANG_ENABLE_OBJC_WEAK = YES;
				CLANG_WARN_BLOCK_CAPTURE_AUTORELEASING = YES;
				CLANG_WARN_BOOL_CONVERSION = YES;
				CLANG_WARN_COMMA = YES;
				CLANG_WARN_CONSTANT_CONVERSION = YES;
				CLANG_WARN_DEPRECATED_OBJC_IMPLEMENTATIONS = YES;
				CLANG_WARN_DIRECT_OBJC_ISA_USAGE = YES_ERROR;
				CLANG_WARN_DOCUMENTATION_COMMENTS = YES;
				CLANG_WARN_EMPTY_BODY = YES;
				CLANG_WARN_ENUM_CONVERSION = YES;
				CLANG_WARN_INFINITE_RECURSION = YES;
				CLANG_WARN_INT_CONVERSION = YES;
				CLANG_WARN_NON_LITERAL_NULL_CONVERSION = YES;
				CLANG_WARN_OBJC_IMPLICIT_RETAIN_SELF = YES;
				CLANG_WARN_OBJC_LITERAL_CONVERSION = YES;
				CLANG_WARN_OBJC_ROOT_CLASS = YES_ERROR;
				CLANG_WARN_RANGE_LOOP_ANALYSIS = YES;
				CLANG_WARN_STRICT_PROTOTYPES = YES;
				CLANG_WARN_SUSPICIOUS_MOVE = YES;
				CLANG_WARN_UNGUARDED_AVAILABILITY = YES_AGGRESSIVE;
				CLANG_WARN_UNREACHABLE_CODE = YES;
				CLANG_WARN__DUPLICATE_METHOD_MATCH = YES;
				CODE_SIGN_IDENTITY = "iPhone Developer";
				COPY_PHASE_STRIP = NO;
				DEBUG_INFORMATION_FORMAT = dwarf;
				ENABLE_STRICT_OBJC_MSGSEND = YES;
				ENABLE_TESTABILITY = YES;
				GCC_C_LANGUAGE_STANDARD = gnu11;
				GCC_DYNAMIC_NO_PIC = NO;
				GCC_NO_COMMON_BLOCKS = YES;
				GCC_OPTIMIZATION_LEVEL = 0;
				GCC_PREPROCESSOR_DEFINITIONS = (
					"DEBUG=1",
					"$(inherited)",
				);
				GCC_WARN_64_TO_32_BIT_CONVERSION = YES;
				GCC_WARN_ABOUT_RETURN_TYPE = YES_ERROR;
				GCC_WARN_UNDECLARED_SELECTOR = YES;
				GCC_WARN_UNINITIALIZED_AUTOS = YES_AGGRESSIVE;
				GCC_WARN_UNUSED_FUNCTION = YES;
				GCC_WARN_UNUSED_VARIABLE = YES;
				IPHONEOS_DEPLOYMENT_TARGET = 10.0;
				MTL_ENABLE_DEBUG_INFO = YES;
				ONLY_ACTIVE_ARCH = YES;
				SDKROOT = iphoneos;
			};
			name = Debug;
		};
		95AB9D7A21057E7B007E9FA2 /* Release */ = {
			isa = XCBuildConfiguration;
			buildSettings = {
				ALWAYS_SEARCH_USER_PATHS = NO;
				CLANG_ANALYZER_NONNULL = YES;
				CLANG_ANALYZER_NUMBER_OBJECT_CONVERSION = YES_AGGRESSIVE;
				CLANG_CXX_LANGUAGE_STANDARD = "gnu++14";
				CLANG_CXX_LIBRARY = "libc++";
				CLANG_ENABLE_MODULES = YES;
				CLANG_ENABLE_OBJC_ARC = YES;
				CLANG_ENABLE_OBJC_WEAK = YES;
				CLANG_WARN_BLOCK_CAPTURE_AUTORELEASING = YES;
				CLANG_WARN_BOOL_CONVERSION = YES;
				CLANG_WARN_COMMA = YES;
				CLANG_WARN_CONSTANT_CONVERSION = YES;
				CLANG_WARN_DEPRECATED_OBJC_IMPLEMENTATIONS = YES;
				CLANG_WARN_DIRECT_OBJC_ISA_USAGE = YES_ERROR;
				CLANG_WARN_DOCUMENTATION_COMMENTS = YES;
				CLANG_WARN_EMPTY_BODY = YES;
				CLANG_WARN_ENUM_CONVERSION = YES;
				CLANG_WARN_INFINITE_RECURSION = YES;
				CLANG_WARN_INT_CONVERSION = YES;
				CLANG_WARN_NON_LITERAL_NULL_CONVERSION = YES;
				CLANG_WARN_OBJC_IMPLICIT_RETAIN_SELF = YES;
				CLANG_WARN_OBJC_LITERAL_CONVERSION = YES;
				CLANG_WARN_OBJC_ROOT_CLASS = YES_ERROR;
				CLANG_WARN_RANGE_LOOP_ANALYSIS = YES;
				CLANG_WARN_STRICT_PROTOTYPES = YES;
				CLANG_WARN_SUSPICIOUS_MOVE = YES;
				CLANG_WARN_UNGUARDED_AVAILABILITY = YES_AGGRESSIVE;
				CLANG_WARN_UNREACHABLE_CODE = YES;
				CLANG_WARN__DUPLICATE_METHOD_MATCH = YES;
				CODE_SIGN_IDENTITY = "iPhone Developer";
				COPY_PHASE_STRIP = NO;
				DEBUG_INFORMATION_FORMAT = "dwarf-with-dsym";
				ENABLE_NS_ASSERTIONS = NO;
				ENABLE_STRICT_OBJC_MSGSEND = YES;
				GCC_C_LANGUAGE_STANDARD = gnu11;
				GCC_NO_COMMON_BLOCKS = YES;
				GCC_WARN_64_TO_32_BIT_CONVERSION = YES;
				GCC_WARN_ABOUT_RETURN_TYPE = YES_ERROR;
				GCC_WARN_UNDECLARED_SELECTOR = YES;
				GCC_WARN_UNINITIALIZED_AUTOS = YES_AGGRESSIVE;
				GCC_WARN_UNUSED_FUNCTION = YES;
				GCC_WARN_UNUSED_VARIABLE = YES;
				IPHONEOS_DEPLOYMENT_TARGET = 10.0;
				MTL_ENABLE_DEBUG_INFO = NO;
				SDKROOT = iphoneos;
				VALIDATE_PRODUCT = YES;
			};
			name = Release;
		};
		95AB9D7C21057E7B007E9FA2 /* Debug */ = {
			isa = XCBuildConfiguration;
			baseConfigurationReference = 387E3FD21157BB500A205243 /* Pods-ZWFactory.debug.xcconfig */;
			buildSettings = {
				ASSETCATALOG_COMPILER_APPICON_NAME = AppIcon;
				ASSETCATALOG_COMPILER_LAUNCHIMAGE_NAME = LaunchImage;
				CLANG_ENABLE_MODULES = YES;
				CODE_SIGN_STYLE = Automatic;
				DEVELOPMENT_TEAM = CF5V5M2DSS;
				GCC_PRECOMPILE_PREFIX_HEADER = YES;
				GCC_PREFIX_HEADER = ZWFactory/PrefixHeader.pch;
				INFOPLIST_FILE = ZWFactory/Info.plist;
				LD_RUNPATH_SEARCH_PATHS = (
					"$(inherited)",
					"@executable_path/Frameworks",
				);
				PRODUCT_BUNDLE_IDENTIFIER = com.kwai.m2uu;
				PRODUCT_NAME = "$(TARGET_NAME)";
				SWIFT_OPTIMIZATION_LEVEL = "-Onone";
				SWIFT_VERSION = 3.0;
				TARGETED_DEVICE_FAMILY = "1,2";
			};
			name = Debug;
		};
		95AB9D7D21057E7B007E9FA2 /* Release */ = {
			isa = XCBuildConfiguration;
			baseConfigurationReference = 7CC875069CD53259E4DDA3BA /* Pods-ZWFactory.release.xcconfig */;
			buildSettings = {
				ASSETCATALOG_COMPILER_APPICON_NAME = AppIcon;
				ASSETCATALOG_COMPILER_LAUNCHIMAGE_NAME = LaunchImage;
				CLANG_ENABLE_MODULES = YES;
				CODE_SIGN_STYLE = Automatic;
				DEVELOPMENT_TEAM = CF5V5M2DSS;
				GCC_PRECOMPILE_PREFIX_HEADER = YES;
				GCC_PREFIX_HEADER = ZWFactory/PrefixHeader.pch;
				INFOPLIST_FILE = ZWFactory/Info.plist;
				LD_RUNPATH_SEARCH_PATHS = (
					"$(inherited)",
					"@executable_path/Frameworks",
				);
				PRODUCT_BUNDLE_IDENTIFIER = com.kwai.m2uu;
				PRODUCT_NAME = "$(TARGET_NAME)";
				SWIFT_VERSION = 3.0;
				TARGETED_DEVICE_FAMILY = "1,2";
			};
			name = Release;
		};
/* End XCBuildConfiguration section */

/* Begin XCConfigurationList section */
		95AB9D6021057E7A007E9FA2 /* Build configuration list for PBXProject "ZWFactory" */ = {
			isa = XCConfigurationList;
			buildConfigurations = (
				95AB9D7921057E7B007E9FA2 /* Debug */,
				95AB9D7A21057E7B007E9FA2 /* Release */,
			);
			defaultConfigurationIsVisible = 0;
			defaultConfigurationName = Release;
		};
		95AB9D7B21057E7B007E9FA2 /* Build configuration list for PBXNativeTarget "ZWFactory" */ = {
			isa = XCConfigurationList;
			buildConfigurations = (
				95AB9D7C21057E7B007E9FA2 /* Debug */,
				95AB9D7D21057E7B007E9FA2 /* Release */,
			);
			defaultConfigurationIsVisible = 0;
			defaultConfigurationName = Release;
		};
/* End XCConfigurationList section */
	};
	rootObject = 95AB9D5D21057E7A007E9FA2 /* Project object */;
}
